
Microsoft Visual Studio Solution File, Format Version 12.00
# Visual Studio Version 17
VisualStudioVersion = 17.6.33829.357
MinimumVisualStudioVersion = 10.0.40219.1
Project("{9A19103F-16F7-4668-BE54-9A1E7A4F7556}") = "sql_deneme", "sql_deneme\sql_deneme.csproj", "{35A8CA52-AD23-4EA0-9FC1-51E1A4B52A1E}"
EndProject
Global
	GlobalSection(SolutionConfigurationPlatforms) = preSolution
		Debug|Any CPU = Debug|Any CPU
		Release|Any CPU = Release|Any CPU
	EndGlobalSection
	GlobalSection(ProjectConfigurationPlatforms) = postSolution
		{35A8CA52-AD23-4EA0-9FC1-51E1A4B52A1E}.Debug|Any CPU.ActiveCfg = Debug|Any CPU
		{35A8CA52-AD23-4EA0-9FC1-51E1A4B52A1E}.Debug|Any CPU.Build.0 = Debug|Any CPU
		{35A8CA52-AD23-4EA0-9FC1-51E1A4B52A1E}.Release|Any CPU.ActiveCfg = Release|Any CPU
		{35A8CA52-AD23-4EA0-9FC1-51E1A4B52A1E}.Release|Any CPU.Build.0 = Release|Any CPU
	EndGlobalSection
	GlobalSection(SolutionProperties) = preSolution
		HideSolutionNode = FALSE
	EndGlobalSection
	GlobalSection(ExtensibilityGlobals) = postSolution
		SolutionGuid = {6B333288-37C0-4BAE-9553-ABCE465AABE1}
	EndGlobalSection
EndGlobal
